PODS:
  - Flutter (1.0.0)
  - live_activity_kit (1.0.0):
    - Flutter

DEPENDENCIES:
  - Flutter (from `Flutter`)
  - live_activity_kit (from `.symlinks/plugins/live_activity_kit/ios`)

EXTERNAL SOURCES:
  Flutter:
    :path: Flutter
  live_activity_kit:
    :path: ".symlinks/plugins/live_activity_kit/ios"

SPEC CHECKSUMS:
  Flutter: 71a624a5bc0c04062bf19101d501e466baf2fb47
  live_activity_kit: 17ec3c2aee03fad0e635e27b8caecc17c2040a9a

PODFILE CHECKSUM: 53a6aebc29ccee84c41f92f409fc20cd4ca011f1

COCOAPODS: 1.17.0
